// !$*UTF8*$!
{
	archiveVersion = 1;
	classes = {
	};
	objectVersion = 55;
	objects = {

/* Begin PBXBuildFile section */
		B00EE1EA28A6593000502F3F /* TopCoinsTableViewCell.swift in Sources */ = {isa = PBXBuildFile; fileRef = B00EE1E928A6593000502F3F /* TopCoinsTableViewCell.swift */; };
		B00EE1F228A6BFEF00502F3F /* ArticleTableViewHeader.xib in Resources */ = {isa = PBXBuildFile; fileRef = B00EE1F128A6BFEF00502F3F /* ArticleTableViewHeader.xib */; };
		B00EE1F428A6C09B00502F3F /* ArticleTableViewHeader.swift in Sources */ = {isa = PBXBuildFile; fileRef = B00EE1F328A6C09B00502F3F /* ArticleTableViewHeader.swift */; };
		B01FFD67289E60420053C438 /* AppDelegate.swift in Sources */ = {isa = PBXBuildFile; fileRef = B01FFD66289E60420053C438 /* AppDelegate.swift */; };
		B01FFD69289E60420053C438 /* SceneDelegate.swift in Sources */ = {isa = PBXBuildFile; fileRef = B01FFD68289E60420053C438 /* SceneDelegate.swift */; };
		B01FFD6B289E60420053C438 /* CoinsViewController.swift in Sources */ = {isa = PBXBuildFile; fileRef = B01FFD6A289E60420053C438 /* CoinsViewController.swift */; };
		B01FFD6E289E60420053C438 /* Main.storyboard in Resources */ = {isa = PBXBuildFile; fileRef = B01FFD6C289E60420053C438 /* Main.storyboard */; };
		B01FFD70289E60440053C438 /* Assets.xcassets in Resources */ = {isa = PBXBuildFile; fileRef = B01FFD6F289E60440053C438 /* Assets.xcassets */; };
		B01FFD73289E60440053C438 /* LaunchScreen.storyboard in Resources */ = {isa = PBXBuildFile; fileRef = B01FFD71289E60440053C438 /* LaunchScreen.storyboard */; };
		B01FFD7F289E77A60053C438 /* CryptoCoinTableViewCell.swift in Sources */ = {isa = PBXBuildFile; fileRef = B01FFD7E289E77A60053C438 /* CryptoCoinTableViewCell.swift */; };
		B026EEC928B4EB0F00B75153 /* SDWebImage in Frameworks */ = {isa = PBXBuildFile; productRef = B026EEC828B4EB0F00B75153 /* SDWebImage */; };
		B026EECB28B53C0300B75153 /* StorageManager.swift in Sources */ = {isa = PBXBuildFile; fileRef = B026EECA28B53C0300B75153 /* StorageManager.swift */; };
		B026EECD28B5403200B75153 /* UserDefaultsStorageManager.swift in Sources */ = {isa = PBXBuildFile; fileRef = B026EECC28B5403200B75153 /* UserDefaultsStorageManager.swift */; };
		B036A82E28A57183002C88E9 /* Extensions.swift in Sources */ = {isa = PBXBuildFile; fileRef = B036A82D28A57183002C88E9 /* Extensions.swift */; };
		B0419CC528CC8B2E0074809B /* NewsPaths.swift in Sources */ = {isa = PBXBuildFile; fileRef = B0419CC428CC8B2E0074809B /* NewsPaths.swift */; };
		B0419CC928CC8D6C0074809B /* NewsAPIService.swift in Sources */ = {isa = PBXBuildFile; fileRef = B0419CC828CC8D6C0074809B /* NewsAPIService.swift */; };
		B0419CCC28CC902D0074809B /* NewsRequestResponce.swift in Sources */ = {isa = PBXBuildFile; fileRef = B0419CCB28CC902D0074809B /* NewsRequestResponce.swift */; };
		B0419CCE28CCA0540074809B /* NewsRequestParameters.swift in Sources */ = {isa = PBXBuildFile; fileRef = B0419CCD28CCA0540074809B /* NewsRequestParameters.swift */; };
		B063F4D428AF7C2400E223A8 /* APIManager.swift in Sources */ = {isa = PBXBuildFile; fileRef = B063F4D328AF7C2400E223A8 /* APIManager.swift */; };
		B063F4D628AF7D9D00E223A8 /* AlamofireAPIManager.swift in Sources */ = {isa = PBXBuildFile; fileRef = B063F4D528AF7D9D00E223A8 /* AlamofireAPIManager.swift */; };
		B063F4D828AF83B800E223A8 /* CoinAPIService.swift in Sources */ = {isa = PBXBuildFile; fileRef = B063F4D728AF83B700E223A8 /* CoinAPIService.swift */; };
		B063F4DA28AF891900E223A8 /* CoinRequestResponce.swift in Sources */ = {isa = PBXBuildFile; fileRef = B063F4D928AF891900E223A8 /* CoinRequestResponce.swift */; };
		B063F4DC28AF8A7B00E223A8 /* CoinResponceStatus.swift in Sources */ = {isa = PBXBuildFile; fileRef = B063F4DB28AF8A7B00E223A8 /* CoinResponceStatus.swift */; };
		B06D712128CF2B0300F73254 /* ArticleViewController.swift in Sources */ = {isa = PBXBuildFile; fileRef = B06D712028CF2B0300F73254 /* ArticleViewController.swift */; };
		B088082928B00BA8006E5C25 /* CoinLogo.swift in Sources */ = {isa = PBXBuildFile; fileRef = B088082828B00BA8006E5C25 /* CoinLogo.swift */; };
		B088082B28B00DB1006E5C25 /* CoinLogoRequestResponce.swift in Sources */ = {isa = PBXBuildFile; fileRef = B088082A28B00DB1006E5C25 /* CoinLogoRequestResponce.swift */; };
		B08BFB3E28A2746D00B7B442 /* ArticleTableViewCell.swift in Sources */ = {isa = PBXBuildFile; fileRef = B08BFB3D28A2746D00B7B442 /* ArticleTableViewCell.swift */; };
		B08BFB4228A2762F00B7B442 /* Article.swift in Sources */ = {isa = PBXBuildFile; fileRef = B08BFB4128A2762F00B7B442 /* Article.swift */; };
		B08BFB4428A297DC00B7B442 /* NewsViewController.swift in Sources */ = {isa = PBXBuildFile; fileRef = B08BFB4328A297DC00B7B442 /* NewsViewController.swift */; };
		B0A83292289E807F006E438E /* Coin.swift in Sources */ = {isa = PBXBuildFile; fileRef = B0A83291289E807F006E438E /* Coin.swift */; };
		B0D8B94728AFD75C00AEB58F /* Quote.swift in Sources */ = {isa = PBXBuildFile; fileRef = B0D8B94628AFD75C00AEB58F /* Quote.swift */; };
		B0D8B94928AFDA7000AEB58F /* CoinsPaths.swift in Sources */ = {isa = PBXBuildFile; fileRef = B0D8B94828AFDA7000AEB58F /* CoinsPaths.swift */; };
		B0D8B94C28AFE82400AEB58F /* CoinRequestParameters.swift in Sources */ = {isa = PBXBuildFile; fileRef = B0D8B94B28AFE82400AEB58F /* CoinRequestParameters.swift */; };
		B0ED88F428ACE19100765162 /* Alamofire in Frameworks */ = {isa = PBXBuildFile; productRef = B0ED88F328ACE19100765162 /* Alamofire */; };
/* End PBXBuildFile section */

/* Begin PBXFileReference section */
		B00EE1E928A6593000502F3F /* TopCoinsTableViewCell.swift */ = {isa = PBXFileReference; lastKnownFileType = sourcecode.swift; path = TopCoinsTableViewCell.swift; sourceTree = "<group>"; };
		B00EE1F128A6BFEF00502F3F /* ArticleTableViewHeader.xib */ = {isa = PBXFileReference; lastKnownFileType = file.xib; path = ArticleTableViewHeader.xib; sourceTree = "<group>"; };
		B00EE1F328A6C09B00502F3F /* ArticleTableViewHeader.swift */ = {isa = PBXFileReference; lastKnownFileType = sourcecode.swift; path = ArticleTableViewHeader.swift; sourceTree = "<group>"; };
		B01FFD63289E60420053C438 /* CryptoVest.app */ = {isa = PBXFileReference; explicitFileType = wrapper.application; includeInIndex = 0; path = CryptoVest.app; sourceTree = BUILT_PRODUCTS_DIR; };
		B01FFD66289E60420053C438 /* AppDelegate.swift */ = {isa = PBXFileReference; lastKnownFileType = sourcecode.swift; path = AppDelegate.swift; sourceTree = "<group>"; };
		B01FFD68289E60420053C438 /* SceneDelegate.swift */ = {isa = PBXFileReference; lastKnownFileType = sourcecode.swift; path = SceneDelegate.swift; sourceTree = "<group>"; };
		B01FFD6A289E60420053C438 /* CoinsViewController.swift */ = {isa = PBXFileReference; lastKnownFileType = sourcecode.swift; path = CoinsViewController.swift; sourceTree = "<group>"; };
		B01FFD6D289E60420053C438 /* Base */ = {isa = PBXFileReference; lastKnownFileType = file.storyboard; name = Base; path = Base.lproj/Main.storyboard; sourceTree = "<group>"; };
		B01FFD6F289E60440053C438 /* Assets.xcassets */ = {isa = PBXFileReference; lastKnownFileType = folder.assetcatalog; path = Assets.xcassets; sourceTree = "<group>"; };
		B01FFD72289E60440053C438 /* Base */ = {isa = PBXFileReference; lastKnownFileType = file.storyboard; name = Base; path = Base.lproj/LaunchScreen.storyboard; sourceTree = "<group>"; };
		B01FFD74289E60440053C438 /* Info.plist */ = {isa = PBXFileReference; lastKnownFileType = text.plist.xml; path = Info.plist; sourceTree = "<group>"; };
		B01FFD7E289E77A60053C438 /* CryptoCoinTableViewCell.swift */ = {isa = PBXFileReference; lastKnownFileType = sourcecode.swift; path = CryptoCoinTableViewCell.swift; sourceTree = "<group>"; };
		B026EECA28B53C0300B75153 /* StorageManager.swift */ = {isa = PBXFileReference; lastKnownFileType = sourcecode.swift; path = StorageManager.swift; sourceTree = "<group>"; };
		B026EECC28B5403200B75153 /* UserDefaultsStorageManager.swift */ = {isa = PBXFileReference; lastKnownFileType = sourcecode.swift; path = UserDefaultsStorageManager.swift; sourceTree = "<group>"; };
		B036A82D28A57183002C88E9 /* Extensions.swift */ = {isa = PBXFileReference; lastKnownFileType = sourcecode.swift; path = Extensions.swift; sourceTree = "<group>"; };
		B0419CC428CC8B2E0074809B /* NewsPaths.swift */ = {isa = PBXFileReference; lastKnownFileType = sourcecode.swift; path = NewsPaths.swift; sourceTree = "<group>"; };
		B0419CC828CC8D6C0074809B /* NewsAPIService.swift */ = {isa = PBXFileReference; lastKnownFileType = sourcecode.swift; path = NewsAPIService.swift; sourceTree = "<group>"; };
		B0419CCB28CC902D0074809B /* NewsRequestResponce.swift */ = {isa = PBXFileReference; lastKnownFileType = sourcecode.swift; path = NewsRequestResponce.swift; sourceTree = "<group>"; };
		B0419CCD28CCA0540074809B /* NewsRequestParameters.swift */ = {isa = PBXFileReference; lastKnownFileType = sourcecode.swift; path = NewsRequestParameters.swift; sourceTree = "<group>"; };
		B063F4D328AF7C2400E223A8 /* APIManager.swift */ = {isa = PBXFileReference; lastKnownFileType = sourcecode.swift; path = APIManager.swift; sourceTree = "<group>"; };
		B063F4D528AF7D9D00E223A8 /* AlamofireAPIManager.swift */ = {isa = PBXFileReference; lastKnownFileType = sourcecode.swift; path = AlamofireAPIManager.swift; sourceTree = "<group>"; };
		B063F4D728AF83B700E223A8 /* CoinAPIService.swift */ = {isa = PBXFileReference; lastKnownFileType = sourcecode.swift; path = CoinAPIService.swift; sourceTree = "<group>"; };
		B063F4D928AF891900E223A8 /* CoinRequestResponce.swift */ = {isa = PBXFileReference; lastKnownFileType = sourcecode.swift; path = CoinRequestResponce.swift; sourceTree = "<group>"; };
		B063F4DB28AF8A7B00E223A8 /* CoinResponceStatus.swift */ = {isa = PBXFileReference; lastKnownFileType = sourcecode.swift; path = CoinResponceStatus.swift; sourceTree = "<group>"; };
		B06D712028CF2B0300F73254 /* ArticleViewController.swift */ = {isa = PBXFileReference; lastKnownFileType = sourcecode.swift; path = ArticleViewController.swift; sourceTree = "<group>"; };
		B088082828B00BA8006E5C25 /* CoinLogo.swift */ = {isa = PBXFileReference; lastKnownFileType = sourcecode.swift; path = CoinLogo.swift; sourceTree = "<group>"; };
		B088082A28B00DB1006E5C25 /* CoinLogoRequestResponce.swift */ = {isa = PBXFileReference; lastKnownFileType = sourcecode.swift; path = CoinLogoRequestResponce.swift; sourceTree = "<group>"; };
		B08BFB3D28A2746D00B7B442 /* ArticleTableViewCell.swift */ = {isa = PBXFileReference; lastKnownFileType = sourcecode.swift; path = ArticleTableViewCell.swift; sourceTree = "<group>"; };
		B08BFB4128A2762F00B7B442 /* Article.swift */ = {isa = PBXFileReference; lastKnownFileType = sourcecode.swift; path = Article.swift; sourceTree = "<group>"; };
		B08BFB4328A297DC00B7B442 /* NewsViewController.swift */ = {isa = PBXFileReference; lastKnownFileType = sourcecode.swift; path = NewsViewController.swift; sourceTree = "<group>"; };
		B0A83291289E807F006E438E /* Coin.swift */ = {isa = PBXFileReference; lastKnownFileType = sourcecode.swift; path = Coin.swift; sourceTree = "<group>"; };
		B0D8B94628AFD75C00AEB58F /* Quote.swift */ = {isa = PBXFileReference; fileEncoding = 4; lastKnownFileType = sourcecode.swift; path = Quote.swift; sourceTree = "<group>"; };
		B0D8B94828AFDA7000AEB58F /* CoinsPaths.swift */ = {isa = PBXFileReference; lastKnownFileType = sourcecode.swift; path = CoinsPaths.swift; sourceTree = "<group>"; };
		B0D8B94B28AFE82400AEB58F /* CoinRequestParameters.swift */ = {isa = PBXFileReference; lastKnownFileType = sourcecode.swift; path = CoinRequestParameters.swift; sourceTree = "<group>"; };
/* End PBXFileReference section */

/* Begin PBXFrameworksBuildPhase section */
		B01FFD60289E60420053C438 /* Frameworks */ = {
			isa = PBXFrameworksBuildPhase;
			buildActionMask = 2147483647;
			files = (
				B026EEC928B4EB0F00B75153 /* SDWebImage in Frameworks */,
				B0ED88F428ACE19100765162 /* Alamofire in Frameworks */,
			);
			runOnlyForDeploymentPostprocessing = 0;
		};
/* End PBXFrameworksBuildPhase section */

/* Begin PBXGroup section */
		B01FFD5A289E60420053C438 = {
			isa = PBXGroup;
			children = (
				B01FFD65289E60420053C438 /* CryptoVest */,
				B01FFD64289E60420053C438 /* Products */,
			);
			sourceTree = "<group>";
		};
		B01FFD64289E60420053C438 /* Products */ = {
			isa = PBXGroup;
			children = (
				B01FFD63289E60420053C438 /* CryptoVest.app */,
			);
			name = Products;
			sourceTree = "<group>";
		};
		B01FFD65289E60420053C438 /* CryptoVest */ = {
			isa = PBXGroup;
			children = (
				B01FFD80289E7FEA0053C438 /* Models */,
				B063F4D228AF7C0400E223A8 /* Services */,
				B01FFD7D289E67560053C438 /* Controllers */,
				B01FFD7B289E665C0053C438 /* Stroryboards */,
				B01FFD7C289E666D0053C438 /* Resources */,
				B036A82C28A57169002C88E9 /* Extensions */,
				B01FFD7A289E664B0053C438 /* Supporting Files */,
				B01FFD74289E60440053C438 /* Info.plist */,
			);
			path = CryptoVest;
			sourceTree = "<group>";
		};
		B01FFD7A289E664B0053C438 /* Supporting Files */ = {
			isa = PBXGroup;
			children = (
				B01FFD66289E60420053C438 /* AppDelegate.swift */,
				B01FFD68289E60420053C438 /* SceneDelegate.swift */,
			);
			path = "Supporting Files";
			sourceTree = "<group>";
		};
		B01FFD7B289E665C0053C438 /* Stroryboards */ = {
			isa = PBXGroup;
			children = (
				B01FFD6C289E60420053C438 /* Main.storyboard */,
				B01FFD71289E60440053C438 /* LaunchScreen.storyboard */,
			);
			path = Stroryboards;
			sourceTree = "<group>";
		};
		B01FFD7C289E666D0053C438 /* Resources */ = {
			isa = PBXGroup;
			children = (
				B01FFD6F289E60440053C438 /* Assets.xcassets */,
			);
			path = Resources;
			sourceTree = "<group>";
		};
		B01FFD7D289E67560053C438 /* Controllers */ = {
			isa = PBXGroup;
			children = (
				B036A82B28A570C6002C88E9 /* News */,
				B036A82A28A570BC002C88E9 /* Coins */,
			);
			path = Controllers;
			sourceTree = "<group>";
		};
		B01FFD80289E7FEA0053C438 /* Models */ = {
			isa = PBXGroup;
			children = (
				B0419CCA28CC900F0074809B /* NewsRequest */,
				B063F4DD28AF8D2A00E223A8 /* CoinRequest */,
			);
			path = Models;
			sourceTree = "<group>";
		};
		B036A82A28A570BC002C88E9 /* Coins */ = {
			isa = PBXGroup;
			children = (
				B01FFD6A289E60420053C438 /* CoinsViewController.swift */,
				B01FFD7E289E77A60053C438 /* CryptoCoinTableViewCell.swift */,
			);
			path = Coins;
			sourceTree = "<group>";
		};
		B036A82B28A570C6002C88E9 /* News */ = {
			isa = PBXGroup;
			children = (
				B08BFB4328A297DC00B7B442 /* NewsViewController.swift */,
				B06D712028CF2B0300F73254 /* ArticleViewController.swift */,
				B07FF65228A77C3700004160 /* TableViewCells */,
				B07FF65328A77C7200004160 /* TableViewHeader */,
			);
			path = News;
			sourceTree = "<group>";
		};
		B036A82C28A57169002C88E9 /* Extensions */ = {
			isa = PBXGroup;
			children = (
				B036A82D28A57183002C88E9 /* Extensions.swift */,
			);
			path = Extensions;
			sourceTree = "<group>";
		};
		B0419CCA28CC900F0074809B /* NewsRequest */ = {
			isa = PBXGroup;
			children = (
				B0419CCB28CC902D0074809B /* NewsRequestResponce.swift */,
				B08BFB4128A2762F00B7B442 /* Article.swift */,
				B0419CCD28CCA0540074809B /* NewsRequestParameters.swift */,
			);
			path = NewsRequest;
			sourceTree = "<group>";
		};
		B04C875628C8C10B002B06FC /* StorageManagers */ = {
			isa = PBXGroup;
			children = (
				B026EECA28B53C0300B75153 /* StorageManager.swift */,
				B026EECC28B5403200B75153 /* UserDefaultsStorageManager.swift */,
			);
			path = StorageManagers;
			sourceTree = "<group>";
		};
		B063F4D228AF7C0400E223A8 /* Services */ = {
			isa = PBXGroup;
			children = (
				B0D8B94828AFDA7000AEB58F /* CoinsPaths.swift */,
				B0419CC428CC8B2E0074809B /* NewsPaths.swift */,
				B0D8B94A28AFE7C800AEB58F /* APIManagers */,
				B063F4D728AF83B700E223A8 /* CoinAPIService.swift */,
				B0419CC828CC8D6C0074809B /* NewsAPIService.swift */,
				B04C875628C8C10B002B06FC /* StorageManagers */,
			);
			path = Services;
			sourceTree = "<group>";
		};
		B063F4DD28AF8D2A00E223A8 /* CoinRequest */ = {
			isa = PBXGroup;
			children = (
				B0A83291289E807F006E438E /* Coin.swift */,
				B0D8B94628AFD75C00AEB58F /* Quote.swift */,
				B063F4D928AF891900E223A8 /* CoinRequestResponce.swift */,
				B063F4DB28AF8A7B00E223A8 /* CoinResponceStatus.swift */,
				B0D8B94B28AFE82400AEB58F /* CoinRequestParameters.swift */,
				B088082828B00BA8006E5C25 /* CoinLogo.swift */,
				B088082A28B00DB1006E5C25 /* CoinLogoRequestResponce.swift */,
			);
			path = CoinRequest;
			sourceTree = "<group>";
		};
		B07FF65228A77C3700004160 /* TableViewCells */ = {
			isa = PBXGroup;
			children = (
				B08BFB3D28A2746D00B7B442 /* ArticleTableViewCell.swift */,
				B00EE1E928A6593000502F3F /* TopCoinsTableViewCell.swift */,
			);
			path = TableViewCells;
			sourceTree = "<group>";
		};
		B07FF65328A77C7200004160 /* TableViewHeader */ = {
			isa = PBXGroup;
			children = (
				B00EE1F128A6BFEF00502F3F /* ArticleTableViewHeader.xib */,
				B00EE1F328A6C09B00502F3F /* ArticleTableViewHeader.swift */,
			);
			path = TableViewHeader;
			sourceTree = "<group>";
		};
		B0D8B94A28AFE7C800AEB58F /* APIManagers */ = {
			isa = PBXGroup;
			children = (
				B063F4D328AF7C2400E223A8 /* APIManager.swift */,
				B063F4D528AF7D9D00E223A8 /* AlamofireAPIManager.swift */,
			);
			path = APIManagers;
			sourceTree = "<group>";
		};
/* End PBXGroup section */

/* Begin PBXNativeTarget section */
		B01FFD62289E60420053C438 /* CryptoVest */ = {
			isa = PBXNativeTarget;
			buildConfigurationList = B01FFD77289E60440053C438 /* Build configuration list for PBXNativeTarget "CryptoVest" */;
			buildPhases = (
				B01FFD5F289E60420053C438 /* Sources */,
				B01FFD60289E60420053C438 /* Frameworks */,
				B01FFD61289E60420053C438 /* Resources */,
			);
			buildRules = (
			);
			dependencies = (
			);
			name = CryptoVest;
			packageProductDependencies = (
				B0ED88F328ACE19100765162 /* Alamofire */,
				B026EEC828B4EB0F00B75153 /* SDWebImage */,
			);
			productName = CryptoVest;
			productReference = B01FFD63289E60420053C438 /* CryptoVest.app */;
			productType = "com.apple.product-type.application";
		};
/* End PBXNativeTarget section */

/* Begin PBXProject section */
		B01FFD5B289E60420053C438 /* Project object */ = {
			isa = PBXProject;
			attributes = {
				BuildIndependentTargetsInParallel = 1;
				LastSwiftUpdateCheck = 1340;
				LastUpgradeCheck = 1340;
				TargetAttributes = {
					B01FFD62289E60420053C438 = {
						CreatedOnToolsVersion = 13.4.1;
					};
				};
			};
			buildConfigurationList = B01FFD5E289E60420053C438 /* Build configuration list for PBXProject "CryptoVest" */;
			compatibilityVersion = "Xcode 13.0";
			developmentRegion = en;
			hasScannedForEncodings = 0;
			knownRegions = (
				en,
				Base,
			);
			mainGroup = B01FFD5A289E60420053C438;
			packageReferences = (
				B0ED88F228ACE19100765162 /* XCRemoteSwiftPackageReference "Alamofire" */,
				B026EEC728B4EB0F00B75153 /* XCRemoteSwiftPackageReference "SDWebImage" */,
			);
			productRefGroup = B01FFD64289E60420053C438 /* Products */;
			projectDirPath = "";
			projectRoot = "";
			targets = (
				B01FFD62289E60420053C438 /* CryptoVest */,
			);
		};
/* End PBXProject section */

/* Begin PBXResourcesBuildPhase section */
		B01FFD61289E60420053C438 /* Resources */ = {
			isa = PBXResourcesBuildPhase;
			buildActionMask = 2147483647;
			files = (
				B01FFD73289E60440053C438 /* LaunchScreen.storyboard in Resources */,
				B01FFD70289E60440053C438 /* Assets.xcassets in Resources */,
				B01FFD6E289E60420053C438 /* Main.storyboard in Resources */,
				B00EE1F228A6BFEF00502F3F /* ArticleTableViewHeader.xib in Resources */,
			);
			runOnlyForDeploymentPostprocessing = 0;
		};
/* End PBXResourcesBuildPhase section */

/* Begin PBXSourcesBuildPhase section */
		B01FFD5F289E60420053C438 /* Sources */ = {
			isa = PBXSourcesBuildPhase;
			buildActionMask = 2147483647;
			files = (
				B00EE1F428A6C09B00502F3F /* ArticleTableViewHeader.swift in Sources */,
				B063F4D628AF7D9D00E223A8 /* AlamofireAPIManager.swift in Sources */,
				B088082B28B00DB1006E5C25 /* CoinLogoRequestResponce.swift in Sources */,
				B063F4DC28AF8A7B00E223A8 /* CoinResponceStatus.swift in Sources */,
				B063F4DA28AF891900E223A8 /* CoinRequestResponce.swift in Sources */,
				B08BFB4228A2762F00B7B442 /* Article.swift in Sources */,
				B036A82E28A57183002C88E9 /* Extensions.swift in Sources */,
				B0419CCC28CC902D0074809B /* NewsRequestResponce.swift in Sources */,
				B0419CC528CC8B2E0074809B /* NewsPaths.swift in Sources */,
				B06D712128CF2B0300F73254 /* ArticleViewController.swift in Sources */,
				B0419CCE28CCA0540074809B /* NewsRequestParameters.swift in Sources */,
				B0419CC928CC8D6C0074809B /* NewsAPIService.swift in Sources */,
				B01FFD6B289E60420053C438 /* CoinsViewController.swift in Sources */,
				B063F4D828AF83B800E223A8 /* CoinAPIService.swift in Sources */,
				B01FFD7F289E77A60053C438 /* CryptoCoinTableViewCell.swift in Sources */,
				B00EE1EA28A6593000502F3F /* TopCoinsTableViewCell.swift in Sources */,
				B01FFD67289E60420053C438 /* AppDelegate.swift in Sources */,
				B088082928B00BA8006E5C25 /* CoinLogo.swift in Sources */,
				B026EECB28B53C0300B75153 /* StorageManager.swift in Sources */,
				B0D8B94728AFD75C00AEB58F /* Quote.swift in Sources */,
				B0D8B94928AFDA7000AEB58F /* CoinsPaths.swift in Sources */,
				B026EECD28B5403200B75153 /* UserDefaultsStorageManager.swift in Sources */,
				B0D8B94C28AFE82400AEB58F /* CoinRequestParameters.swift in Sources */,
				B0A83292289E807F006E438E /* Coin.swift in Sources */,
				B08BFB3E28A2746D00B7B442 /* ArticleTableViewCell.swift in Sources */,
				B063F4D428AF7C2400E223A8 /* APIManager.swift in Sources */,
				B01FFD69289E60420053C438 /* SceneDelegate.swift in Sources */,
				B08BFB4428A297DC00B7B442 /* NewsViewController.swift in Sources */,
			);
			runOnlyForDeploymentPostprocessing = 0;
		};
/* End PBXSourcesBuildPhase section */

/* Begin PBXVariantGroup section */
		B01FFD6C289E60420053C438 /* Main.storyboard */ = {
			isa = PBXVariantGroup;
			children = (
				B01FFD6D289E60420053C438 /* Base */,
			);
			name = Main.storyboard;
			sourceTree = "<group>";
		};
		B01FFD71289E60440053C438 /* LaunchScreen.storyboard */ = {
			isa = PBXVariantGroup;
			children = (
				B01FFD72289E60440053C438 /* Base */,
			);
			name = LaunchScreen.storyboard;
			sourceTree = "<group>";
		};
/* End PBXVariantGroup section */

/* Begin XCBuildConfiguration section */
		B01FFD75289E60440053C438 /* Debug */ = {
			isa = XCBuildConfiguration;
			buildSettings = {
				ALWAYS_SEARCH_USER_PATHS = NO;
				CLANG_ANALYZER_NONNULL = YES;
				CLANG_ANALYZER_NUMBER_OBJECT_CONVERSION = YES_AGGRESSIVE;
				CLANG_CXX_LANGUAGE_STANDARD = "gnu++17";
				CLANG_ENABLE_MODULES = YES;
				CLANG_ENABLE_OBJC_ARC = YES;
				CLANG_ENABLE_OBJC_WEAK = YES;
				CLANG_WARN_BLOCK_CAPTURE_AUTORELEASING = YES;
				CLANG_WARN_BOOL_CONVERSION = YES;
				CLANG_WARN_COMMA = YES;
				CLANG_WARN_CONSTANT_CONVERSION = YES;
				CLANG_WARN_DEPRECATED_OBJC_IMPLEMENTATIONS = YES;
				CLANG_WARN_DIRECT_OBJC_ISA_USAGE = YES_ERROR;
				CLANG_WARN_DOCUMENTATION_COMMENTS = YES;
				CLANG_WARN_EMPTY_BODY = YES;
				CLANG_WARN_ENUM_CONVERSION = YES;
				CLANG_WARN_INFINITE_RECURSION = YES;
				CLANG_WARN_INT_CONVERSION = YES;
				CLANG_WARN_NON_LITERAL_NULL_CONVERSION = YES;
				CLANG_WARN_OBJC_IMPLICIT_RETAIN_SELF = YES;
				CLANG_WARN_OBJC_LITERAL_CONVERSION = YES;
				CLANG_WARN_OBJC_ROOT_CLASS = YES_ERROR;
				CLANG_WARN_QUOTED_INCLUDE_IN_FRAMEWORK_HEADER = YES;
				CLANG_WARN_RANGE_LOOP_ANALYSIS = YES;
				CLANG_WARN_STRICT_PROTOTYPES = YES;
				CLANG_WARN_SUSPICIOUS_MOVE = YES;
				CLANG_WARN_UNGUARDED_AVAILABILITY = YES_AGGRESSIVE;
				CLANG_WARN_UNREACHABLE_CODE = YES;
				CLANG_WARN__DUPLICATE_METHOD_MATCH = YES;
				COPY_PHASE_STRIP = NO;
				DEBUG_INFORMATION_FORMAT = dwarf;
				ENABLE_STRICT_OBJC_MSGSEND = YES;
				ENABLE_TESTABILITY = YES;
				GCC_C_LANGUAGE_STANDARD = gnu11;
				GCC_DYNAMIC_NO_PIC = NO;
				GCC_NO_COMMON_BLOCKS = YES;
				GCC_OPTIMIZATION_LEVEL = 0;
				GCC_PREPROCESSOR_DEFINITIONS = (
					"DEBUG=1",
					"$(inherited)",
				);
				GCC_WARN_64_TO_32_BIT_CONVERSION = YES;
				GCC_WARN_ABOUT_RETURN_TYPE = YES_ERROR;
				GCC_WARN_UNDECLARED_SELECTOR = YES;
				GCC_WARN_UNINITIALIZED_AUTOS = YES_AGGRESSIVE;
				GCC_WARN_UNUSED_FUNCTION = YES;
				GCC_WARN_UNUSED_VARIABLE = YES;
				IPHONEOS_DEPLOYMENT_TARGET = 15.5;
				MTL_ENABLE_DEBUG_INFO = INCLUDE_SOURCE;
				MTL_FAST_MATH = YES;
				ONLY_ACTIVE_ARCH = YES;
				SDKROOT = iphoneos;
				SWIFT_ACTIVE_COMPILATION_CONDITIONS = DEBUG;
				SWIFT_OPTIMIZATION_LEVEL = "-Onone";
			};
			name = Debug;
		};
		B01FFD76289E60440053C438 /* Release */ = {
			isa = XCBuildConfiguration;
			buildSettings = {
				ALWAYS_SEARCH_USER_PATHS = NO;
				CLANG_ANALYZER_NONNULL = YES;
				CLANG_ANALYZER_NUMBER_OBJECT_CONVERSION = YES_AGGRESSIVE;
				CLANG_CXX_LANGUAGE_STANDARD = "gnu++17";
				CLANG_ENABLE_MODULES = YES;
				CLANG_ENABLE_OBJC_ARC = YES;
				CLANG_ENABLE_OBJC_WEAK = YES;
				CLANG_WARN_BLOCK_CAPTURE_AUTORELEASING = YES;
				CLANG_WARN_BOOL_CONVERSION = YES;
				CLANG_WARN_COMMA = YES;
				CLANG_WARN_CONSTANT_CONVERSION = YES;
				CLANG_WARN_DEPRECATED_OBJC_IMPLEMENTATIONS = YES;
				CLANG_WARN_DIRECT_OBJC_ISA_USAGE = YES_ERROR;
				CLANG_WARN_DOCUMENTATION_COMMENTS = YES;
				CLANG_WARN_EMPTY_BODY = YES;
				CLANG_WARN_ENUM_CONVERSION = YES;
				CLANG_WARN_INFINITE_RECURSION = YES;
				CLANG_WARN_INT_CONVERSION = YES;
				CLANG_WARN_NON_LITERAL_NULL_CONVERSION = YES;
				CLANG_WARN_OBJC_IMPLICIT_RETAIN_SELF = YES;
				CLANG_WARN_OBJC_LITERAL_CONVERSION = YES;
				CLANG_WARN_OBJC_ROOT_CLASS = YES_ERROR;
				CLANG_WARN_QUOTED_INCLUDE_IN_FRAMEWORK_HEADER = YES;
				CLANG_WARN_RANGE_LOOP_ANALYSIS = YES;
				CLANG_WARN_STRICT_PROTOTYPES = YES;
				CLANG_WARN_SUSPICIOUS_MOVE = YES;
				CLANG_WARN_UNGUARDED_AVAILABILITY = YES_AGGRESSIVE;
				CLANG_WARN_UNREACHABLE_CODE = YES;
				CLANG_WARN__DUPLICATE_METHOD_MATCH = YES;
				COPY_PHASE_STRIP = NO;
				DEBUG_INFORMATION_FORMAT = "dwarf-with-dsym";
				ENABLE_NS_ASSERTIONS = NO;
				ENABLE_STRICT_OBJC_MSGSEND = YES;
				GCC_C_LANGUAGE_STANDARD = gnu11;
				GCC_NO_COMMON_BLOCKS = YES;
				GCC_WARN_64_TO_32_BIT_CONVERSION = YES;
				GCC_WARN_ABOUT_RETURN_TYPE = YES_ERROR;
				GCC_WARN_UNDECLARED_SELECTOR = YES;
				GCC_WARN_UNINITIALIZED_AUTOS = YES_AGGRESSIVE;
				GCC_WARN_UNUSED_FUNCTION = YES;
				GCC_WARN_UNUSED_VARIABLE = YES;
				IPHONEOS_DEPLOYMENT_TARGET = 15.5;
				MTL_ENABLE_DEBUG_INFO = NO;
				MTL_FAST_MATH = YES;
				SDKROOT = iphoneos;
				SWIFT_COMPILATION_MODE = wholemodule;
				SWIFT_OPTIMIZATION_LEVEL = "-O";
				VALIDATE_PRODUCT = YES;
			};
			name = Release;
		};
		B01FFD78289E60440053C438 /* Debug */ = {
			isa = XCBuildConfiguration;
			buildSettings = {
				ASSETCATALOG_COMPILER_APPICON_NAME = AppIcon;
				ASSETCATALOG_COMPILER_GLOBAL_ACCENT_COLOR_NAME = AccentColor;
				CODE_SIGN_STYLE = Automatic;
				CURRENT_PROJECT_VERSION = 1;
				DEVELOPMENT_TEAM = HU4P8J2639;
				GENERATE_INFOPLIST_FILE = YES;
				INFOPLIST_FILE = CryptoVest/Info.plist;
				INFOPLIST_KEY_UIApplicationSupportsIndirectInputEvents = YES;
				INFOPLIST_KEY_UILaunchStoryboardName = LaunchScreen;
				INFOPLIST_KEY_UIMainStoryboardFile = Main;
				INFOPLIST_KEY_UISupportedInterfaceOrientations = "";
				INFOPLIST_KEY_UISupportedInterfaceOrientations_iPad = "UIInterfaceOrientationPortrait UIInterfaceOrientationPortraitUpsideDown UIInterfaceOrientationLandscapeLeft UIInterfaceOrientationLandscapeRight";
				INFOPLIST_KEY_UISupportedInterfaceOrientations_iPhone = "UIInterfaceOrientationPortrait UIInterfaceOrientationLandscapeLeft UIInterfaceOrientationLandscapeRight";
				IPHONEOS_DEPLOYMENT_TARGET = 13.0;
				LD_RUNPATH_SEARCH_PATHS = (
					"$(inherited)",
					"@executable_path/Frameworks",
				);
				MARKETING_VERSION = 1.0;
				PRODUCT_BUNDLE_IDENTIFIER = com.mefisto.CryptoVest;
				PRODUCT_NAME = "$(TARGET_NAME)";
				SWIFT_EMIT_LOC_STRINGS = YES;
				SWIFT_VERSION = 5.0;
				TARGETED_DEVICE_FAMILY = 1;
			};
			name = Debug;
		};
		B01FFD79289E60440053C438 /* Release */ = {
			isa = XCBuildConfiguration;
			buildSettings = {
				ASSETCATALOG_COMPILER_APPICON_NAME = AppIcon;
				ASSETCATALOG_COMPILER_GLOBAL_ACCENT_COLOR_NAME = AccentColor;
				CODE_SIGN_STYLE = Automatic;
				CURRENT_PROJECT_VERSION = 1;
				DEVELOPMENT_TEAM = HU4P8J2639;
				GENERATE_INFOPLIST_FILE = YES;
				INFOPLIST_FILE = CryptoVest/Info.plist;
				INFOPLIST_KEY_UIApplicationSupportsIndirectInputEvents = YES;
				INFOPLIST_KEY_UILaunchStoryboardName = LaunchScreen;
				INFOPLIST_KEY_UIMainStoryboardFile = Main;
				INFOPLIST_KEY_UISupportedInterfaceOrientations = "";
				INFOPLIST_KEY_UISupportedInterfaceOrientations_iPad = "UIInterfaceOrientationPortrait UIInterfaceOrientationPortraitUpsideDown UIInterfaceOrientationLandscapeLeft UIInterfaceOrientationLandscapeRight";
				INFOPLIST_KEY_UISupportedInterfaceOrientations_iPhone = "UIInterfaceOrientationPortrait UIInterfaceOrientationLandscapeLeft UIInterfaceOrientationLandscapeRight";
				IPHONEOS_DEPLOYMENT_TARGET = 13.0;
				LD_RUNPATH_SEARCH_PATHS = (
					"$(inherited)",
					"@executable_path/Frameworks",
				);
				MARKETING_VERSION = 1.0;
				PRODUCT_BUNDLE_IDENTIFIER = com.mefisto.CryptoVest;
				PRODUCT_NAME = "$(TARGET_NAME)";
				SWIFT_EMIT_LOC_STRINGS = YES;
				SWIFT_VERSION = 5.0;
				TARGETED_DEVICE_FAMILY = 1;
			};
			name = Release;
		};
/* End XCBuildConfiguration section */

/* Begin XCConfigurationList section */
		B01FFD5E289E60420053C438 /* Build configuration list for PBXProject "CryptoVest" */ = {
			isa = XCConfigurationList;
			buildConfigurations = (
				B01FFD75289E60440053C438 /* Debug */,
				B01FFD76289E60440053C438 /* Release */,
			);
			defaultConfigurationIsVisible = 0;
			defaultConfigurationName = Release;
		};
		B01FFD77289E60440053C438 /* Build configuration list for PBXNativeTarget "CryptoVest" */ = {
			isa = XCConfigurationList;
			buildConfigurations = (
				B01FFD78289E60440053C438 /* Debug */,
				B01FFD79289E60440053C438 /* Release */,
			);
			defaultConfigurationIsVisible = 0;
			defaultConfigurationName = Release;
		};
/* End XCConfigurationList section */

/* Begin XCRemoteSwiftPackageReference section */
		B026EEC728B4EB0F00B75153 /* XCRemoteSwiftPackageReference "SDWebImage" */ = {
			isa = XCRemoteSwiftPackageReference;
			repositoryURL = "https://github.com/SDWebImage/SDWebImage";
			requirement = {
				branch = master;
				kind = branch;
			};
		};
		B0ED88F228ACE19100765162 /* XCRemoteSwiftPackageReference "Alamofire" */ = {
			isa = XCRemoteSwiftPackageReference;
			repositoryURL = "https://github.com/Alamofire/Alamofire.git";
			requirement = {
				branch = master;
				kind = branch;
			};
		};
/* End XCRemoteSwiftPackageReference section */

/* Begin XCSwiftPackageProductDependency section */
		B026EEC828B4EB0F00B75153 /* SDWebImage */ = {
			isa = XCSwiftPackageProductDependency;
			package = B026EEC728B4EB0F00B75153 /* XCRemoteSwiftPackageReference "SDWebImage" */;
			productName = SDWebImage;
		};
		B0ED88F328ACE19100765162 /* Alamofire */ = {
			isa = XCSwiftPackageProductDependency;
			package = B0ED88F228ACE19100765162 /* XCRemoteSwiftPackageReference "Alamofire" */;
			productName = Alamofire;
		};
/* End XCSwiftPackageProductDependency section */
	};
	rootObject = B01FFD5B289E60420053C438 /* Project object */;
}
